
Microsoft Visual Studio Solution File, Format Version 12.00
# Visual Studio Version 17
VisualStudioVersion = 17.5.33516.290
MinimumVisualStudioVersion = 10.0.40219.1
Project("{8BC9CEB8-8B4A-11D0-8D11-00A0C91BC942}") = "BOJ_7562", "BOJ_7562.vcxproj", "{1672F987-A2C8-4881-945C-9664579F4910}"
EndProject
Global
	GlobalSection(SolutionConfigurationPlatforms) = preSolution
		Debug|x64 = Debug|x64
		Release|x64 = Release|x64
	EndGlobalSection
	GlobalSection(ProjectConfigurationPlatforms) = postSolution
		{1672F987-A2C8-4881-945C-9664579F4910}.Debug|x64.ActiveCfg = Debug|x64
		{1672F987-A2C8-4881-945C-9664579F4910}.Debug|x64.Build.0 = Debug|x64
		{1672F987-A2C8-4881-945C-9664579F4910}.Release|x64.ActiveCfg = Release|x64
		{1672F987-A2C8-4881-945C-9664579F4910}.Release|x64.Build.0 = Release|x64
	EndGlobalSection
	GlobalSection(SolutionProperties) = preSolution
		HideSolutionNode = FALSE
	EndGlobalSection
	GlobalSection(ExtensibilityGlobals) = postSolution
		SolutionGuid = {348B4423-C010-435F-B1F5-316122CB17F6}
	EndGlobalSection
EndGlobal
